{
  "name": "server-query",
  "version": "2.0.5",
  "lockfileVersion": 1,
  "requires": true,
  "dependencies": {
    "lodash.isplainobject": {
      "version": "4.0.6",
      "resolved": "https://registry.npmjs.org/lodash.isplainobject/-/lodash.isplainobject-4.0.6.tgz",
      "integrity": "sha1-fFJqUtibRcRcxpC4gWO+BJf1UMs="
    },
    "lodash.isstring": {
      "version": "4.0.1",
      "resolved": "https://registry.npmjs.org/lodash.isstring/-/lodash.isstring-4.0.1.tgz",
      "integrity": "sha1-1SfftUVuynzJu5XV2ur4i6VKVFE="
    },
    "prettier": {
      "version": "1.16.4",
      "resolved": "https://registry.npmjs.org/prettier/-/prettier-1.16.4.tgz",
      "integrity": "sha512-ZzWuos7TI5CKUeQAtFd6Zhm2s6EpAD/ZLApIhsF9pRvRtM1RFo61dM/4MSRUA0SuLugA/zgrZD8m0BaY46Og7g==",
      "dev": true
    }
  }
}
